<?xml version="1.0" encoding="utf-8"?>
<Project ToolsVersion="4.0" xmlns="http://schemas.microsoft.com/developer/msbuild/2003">
  <ItemGroup>
    <Filter Include="Source Files">
      <UniqueIdentifier>{E1F164B0-2E94-4DA2-9A9B-B8D9CB798AAA}</UniqueIdentifier>
      <Extensions>cpp;c;cc;cxx</Extensions>
    </Filter>
    <Filter Include="Header Files">
      <UniqueIdentifier>{0F2292BF-39BA-44A4-8AF0-28E14F4BB571}</UniqueIdentifier>
      <Extensions>h;hpp;hxx</Extensions>
    </Filter>
    <Filter Include="Source Files\vhdx">
      <UniqueIdentifier>{EF01BD9B-AC14-4022-9509-F2E6F24AA7C3}</UniqueIdentifier>
    </Filter>
    <Filter Include="Header Files\vhdx">
      <UniqueIdentifier>{39341F37-64B3-4D23-9DB2-E25253BE6755}</UniqueIdentifier>
    </Filter>
    <Filter Include="Source Files\verify">
      <UniqueIdentifier>{90313202-CC53-414E-9E74-46A80FB0C13F}</UniqueIdentifier>
    </Filter>
    <Filter Include="Header Files\verify">
      <UniqueIdentifier>{AB5C5A07-230B-4ED1-B5AE-2D785AE69407}</UniqueIdentifier>
    </Filter>
    <Filter Include="Source Files\test">
      <UniqueIdentifier>{F9C89195-1E53-4764-AB31-6C5929CA68E0}</UniqueIdentifier>
    </Filter>
    <Filter Include="Header Files\test">
      <UniqueIdentifier>{9B3EFB7F-3F0D-4505-B8EC-D873F4C91A34}</UniqueIdentifier>
    </Filter>
    <Filter Include="Scripts">
      <UniqueIdentifier>{610963D8-28B2-4F14-9A78-5BB819C684B3}</UniqueIdentifier>
    </Filter>
  </ItemGroup>
  <ItemGroup>
    <ClCompile Include="main.cpp">
      <Filter>Source Files</Filter>
    </ClCompile>
    <ClCompile Include="vhdx\WindowsVhdxWriter.cpp">
      <Filter>Source Files\vhdx</Filter>
    </ClCompile>
    <ClCompile Include="verify\NormalCompletionVerifier.cpp">
      <Filter>Source Files\verify</Filter>
    </ClCompile>
    <ClCompile Include="test\CrashController.cpp">
      <Filter>Source Files\test</Filter>
    </ClCompile>
    <ClCompile Include="verify\VhdxLogInspector.cpp">
      <Filter>Source Files\verify</Filter>
    </ClCompile>
  </ItemGroup>
  <ItemGroup>
    <ClInclude Include="vhdx\IImageWriter.h">
      <Filter>Header Files\vhdx</Filter>
    </ClInclude>
    <ClInclude Include="vhdx\WindowsVhdxWriter.h">
      <Filter>Header Files\vhdx</Filter>
    </ClInclude>
    <ClInclude Include="verify\NormalCompletionVerifier.h">
      <Filter>Header Files\verify</Filter>
    </ClInclude>
    <ClInclude Include="test\CrashController.h">
      <Filter>Header Files\test</Filter>
    </ClInclude>
    <ClInclude Include="verify\VhdxLogInspector.h">
      <Filter>Header Files\verify</Filter>
    </ClInclude>
  </ItemGroup>
  <ItemGroup>
    <None Include="scripts\Invoke-VmPowerLossWorker.ps1">
      <Filter>Scripts</Filter>
    </None>
    <None Include="scripts\New-DiskBackuperTestVm.ps1">
      <Filter>Scripts</Filter>
    </None>
    <None Include="scripts\Test-GracefulInterruption.ps1">
      <Filter>Scripts</Filter>
    </None>
    <None Include="scripts\Test-HardCrash.ps1">
      <Filter>Scripts</Filter>
    </None>
    <None Include="scripts\Test-NormalCompletion.ps1">
      <Filter>Scripts</Filter>
    </None>
    <None Include="scripts\Test-VhdxLogReplay.ps1">
      <Filter>Scripts</Filter>
    </None>
    <None Include="scripts\Test-VmPowerLoss.ps1">
      <Filter>Scripts</Filter>
    </None>
  </ItemGroup>
</Project>
